// !$*UTF8*$!
{
	archiveVersion = 1;
	classes = {
	};
	objectVersion = 50;
	objects = {

/* Begin PBXBuildFile section */
		3E3D56FD21465BE1000A558F /* Starscream.framework in Frameworks */ = {isa = PBXBuildFile; fileRef = 3E3D56FC21465BE1000A558F /* Starscream.framework */; };
		3E3E56792160A2F20084C8C1 /* ReplyMessageTest.swift in Sources */ = {isa = PBXBuildFile; fileRef = 3E3E56782160A2F10084C8C1 /* ReplyMessageTest.swift */; };
		3E3E56852160A30B0084C8C1 /* EditMessageTest.swift in Sources */ = {isa = PBXBuildFile; fileRef = 3E3E56842160A30B0084C8C1 /* EditMessageTest.swift */; };
		3E3E56872160A3280084C8C1 /* ForwardMessageTest.swift in Sources */ = {isa = PBXBuildFile; fileRef = 3E3E56862160A3280084C8C1 /* ForwardMessageTest.swift */; };
		3E3F14D12147B6570084A550 /* GetUserInfoTest.swift in Sources */ = {isa = PBXBuildFile; fileRef = 3E3F14D02147B6570084A550 /* GetUserInfoTest.swift */; };
		3E3F17792133D0A90029E4D4 /* EnumsAndStructs.swift in Sources */ = {isa = PBXBuildFile; fileRef = 3E3F17782133D0A90029E4D4 /* EnumsAndStructs.swift */; };
		3E437D56218F35A50021C0ED /* RemoveParticipantModel.swift in Sources */ = {isa = PBXBuildFile; fileRef = 3E437D55218F35A50021C0ED /* RemoveParticipantModel.swift */; };
		3E437D5A218F36B80021C0ED /* BlockedUserModel.swift in Sources */ = {isa = PBXBuildFile; fileRef = 3E437D59218F36B80021C0ED /* BlockedUserModel.swift */; };
		3E437D5C218F36DA0021C0ED /* GetBlockedListModel.swift in Sources */ = {isa = PBXBuildFile; fileRef = 3E437D5B218F36DA0021C0ED /* GetBlockedListModel.swift */; };
		3E437D5E218F389F0021C0ED /* AddParticipantsTest.swift in Sources */ = {isa = PBXBuildFile; fileRef = 3E437D5D218F389F0021C0ED /* AddParticipantsTest.swift */; };
		3E437D60218F3BDB0021C0ED /* RemoveParticipantsTest.swift in Sources */ = {isa = PBXBuildFile; fileRef = 3E437D5F218F3BDB0021C0ED /* RemoveParticipantsTest.swift */; };
		3E437D62218F48490021C0ED /* BlockUserTest.swift in Sources */ = {isa = PBXBuildFile; fileRef = 3E437D61218F48490021C0ED /* BlockUserTest.swift */; };
		3E437D64218F49B30021C0ED /* UnblockUserTest.swift in Sources */ = {isa = PBXBuildFile; fileRef = 3E437D63218F49B30021C0ED /* UnblockUserTest.swift */; };
		3E437D66218F4BCB0021C0ED /* LeaveThreadTest.swift in Sources */ = {isa = PBXBuildFile; fileRef = 3E437D65218F4BCB0021C0ED /* LeaveThreadTest.swift */; };
		3E437D68218F4F780021C0ED /* SpamPvThreadTest.swift in Sources */ = {isa = PBXBuildFile; fileRef = 3E437D67218F4F780021C0ED /* SpamPvThreadTest.swift */; };
		3E43D1422132B6170069DF9A /* DataFormatters.swift in Sources */ = {isa = PBXBuildFile; fileRef = 3E43D1412132B6170069DF9A /* DataFormatters.swift */; };
		3E43D1562132BF700069DF9A /* SendMessage.swift in Sources */ = {isa = PBXBuildFile; fileRef = 3E43D1552132BF700069DF9A /* SendMessage.swift */; };
		3E43D1582132BF9C0069DF9A /* ReceiveMessage.swift in Sources */ = {isa = PBXBuildFile; fileRef = 3E43D1572132BF9C0069DF9A /* ReceiveMessage.swift */; };
		3E4B27E4212300CB001130F6 /* GCDTimer.swift in Sources */ = {isa = PBXBuildFile; fileRef = 3E4B27E3212300CB001130F6 /* GCDTimer.swift */; };
		3E63A088213A618F00E4E2C2 /* ObjectTypes.swift in Sources */ = {isa = PBXBuildFile; fileRef = 3E63A087213A618F00E4E2C2 /* ObjectTypes.swift */; };
		3E695B99217224DA00A77120 /* AddContactTest.swift in Sources */ = {isa = PBXBuildFile; fileRef = 3E695B98217224DA00A77120 /* AddContactTest.swift */; };
		3E695BA52172266800A77120 /* UpdateContactTest.swift in Sources */ = {isa = PBXBuildFile; fileRef = 3E695BA42172266800A77120 /* UpdateContactTest.swift */; };
		3E695BA72172275900A77120 /* RemoveContactTest.swift in Sources */ = {isa = PBXBuildFile; fileRef = 3E695BA62172275900A77120 /* RemoveContactTest.swift */; };
		3E695BA9217228F900A77120 /* UploadFileTest.swift in Sources */ = {isa = PBXBuildFile; fileRef = 3E695BA8217228F900A77120 /* UploadFileTest.swift */; };
		3E695BAB217229EB00A77120 /* UploadImageTest.swift in Sources */ = {isa = PBXBuildFile; fileRef = 3E695BAA217229EB00A77120 /* UploadImageTest.swift */; };
		3E695BAD21722A4400A77120 /* DeleteMessageTest.swift in Sources */ = {isa = PBXBuildFile; fileRef = 3E695BAC21722A4400A77120 /* DeleteMessageTest.swift */; };
		3E6D559B215F777800333354 /* SendMessageTest.swift in Sources */ = {isa = PBXBuildFile; fileRef = 3E6D559A215F777800333354 /* SendMessageTest.swift */; };
		3E730D1D214CC53600AAE838 /* GetThreadTest.swift in Sources */ = {isa = PBXBuildFile; fileRef = 3E730D1C214CC53600AAE838 /* GetThreadTest.swift */; };
		3E730D29214CC63F00AAE838 /* GetHistoryTest.swift in Sources */ = {isa = PBXBuildFile; fileRef = 3E730D28214CC63F00AAE838 /* GetHistoryTest.swift */; };
		3E730D2B214CC6F600AAE838 /* GetThreadParticipantTest.swift in Sources */ = {isa = PBXBuildFile; fileRef = 3E730D2A214CC6F600AAE838 /* GetThreadParticipantTest.swift */; };
		3E730D2D214CC75400AAE838 /* CreateThreadTest.swift in Sources */ = {isa = PBXBuildFile; fileRef = 3E730D2C214CC75400AAE838 /* CreateThreadTest.swift */; };
		3E730D2F214D4D7A00AAE838 /* GetContactsTest.swift in Sources */ = {isa = PBXBuildFile; fileRef = 3E730D2E214D4D7A00AAE838 /* GetContactsTest.swift */; };
		3E78AA95218479BA002A6EC0 /* UploadImageModel.swift in Sources */ = {isa = PBXBuildFile; fileRef = 3E78AA94218479BA002A6EC0 /* UploadImageModel.swift */; };
		3E78AA99218479CB002A6EC0 /* UploadFileModel.swift in Sources */ = {isa = PBXBuildFile; fileRef = 3E78AA98218479CB002A6EC0 /* UploadFileModel.swift */; };
		3E78AA9B218479D7002A6EC0 /* UploadImage.swift in Sources */ = {isa = PBXBuildFile; fileRef = 3E78AA9A218479D7002A6EC0 /* UploadImage.swift */; };
		3E78AA9D218479DF002A6EC0 /* UploadFile.swift in Sources */ = {isa = PBXBuildFile; fileRef = 3E78AA9C218479DF002A6EC0 /* UploadFile.swift */; };
		3E78AA9F21847C55002A6EC0 /* UpdateThreadInfoTest.swift in Sources */ = {isa = PBXBuildFile; fileRef = 3E78AA9E21847C55002A6EC0 /* UpdateThreadInfoTest.swift */; };
		3E78AAAA21849945002A6EC0 /* SearchContactTest.swift in Sources */ = {isa = PBXBuildFile; fileRef = 3E78AAA921849945002A6EC0 /* SearchContactTest.swift */; };
		3E78AAAE21849EB1002A6EC0 /* MuteThreadTest.swift in Sources */ = {isa = PBXBuildFile; fileRef = 3E78AAAD21849EB1002A6EC0 /* MuteThreadTest.swift */; };
		3E78AAB021849F64002A6EC0 /* UnmuteThreadTest.swift in Sources */ = {isa = PBXBuildFile; fileRef = 3E78AAAF21849F64002A6EC0 /* UnmuteThreadTest.swift */; };
		3E78AAB22184A01A002A6EC0 /* SendFileMessageTest.swift in Sources */ = {isa = PBXBuildFile; fileRef = 3E78AAB12184A01A002A6EC0 /* SendFileMessageTest.swift */; };
		3E78AAB72184A25F002A6EC0 /* Assets.xcassets in Resources */ = {isa = PBXBuildFile; fileRef = 3E78AAB62184A25F002A6EC0 /* Assets.xcassets */; };
		3E78AAB82184A25F002A6EC0 /* Assets.xcassets in Resources */ = {isa = PBXBuildFile; fileRef = 3E78AAB62184A25F002A6EC0 /* Assets.xcassets */; };
		3E78AABA2184A30A002A6EC0 /* pic.png in Resources */ = {isa = PBXBuildFile; fileRef = 3E78AAB92184A309002A6EC0 /* pic.png */; };
		3E78AABB2184A30A002A6EC0 /* pic.png in Resources */ = {isa = PBXBuildFile; fileRef = 3E78AAB92184A309002A6EC0 /* pic.png */; };
		3E78AAC72184AB6F002A6EC0 /* SyncContactsTest.swift in Sources */ = {isa = PBXBuildFile; fileRef = 3E78AAC62184AB6F002A6EC0 /* SyncContactsTest.swift */; };
		3E914BB4217DC73300D912A2 /* Pod-Async-SDK in Resources */ = {isa = PBXBuildFile; fileRef = 3E914BB3217DC73300D912A2 /* Pod-Async-SDK */; };
		3E914BC1217DC7ED00D912A2 /* Async.framework in Frameworks */ = {isa = PBXBuildFile; fileRef = 3E914BBE217DC7DB00D912A2 /* Async.framework */; };
		3EBBEDC62174C18F00F5CDC7 /* User.swift in Sources */ = {isa = PBXBuildFile; fileRef = 3EBBEDC52174C18F00F5CDC7 /* User.swift */; };
		3EBBEDD32174C20200F5CDC7 /* Contact.swift in Sources */ = {isa = PBXBuildFile; fileRef = 3EBBEDD22174C20200F5CDC7 /* Contact.swift */; };
		3EBBEDD52174C23B00F5CDC7 /* Conversation.swift in Sources */ = {isa = PBXBuildFile; fileRef = 3EBBEDD42174C23B00F5CDC7 /* Conversation.swift */; };
		3EBBEDD72174C27B00F5CDC7 /* Message.swift in Sources */ = {isa = PBXBuildFile; fileRef = 3EBBEDD62174C27B00F5CDC7 /* Message.swift */; };
		3EBBEDD92174C2A200F5CDC7 /* BlockedUser.swift in Sources */ = {isa = PBXBuildFile; fileRef = 3EBBEDD82174C2A200F5CDC7 /* BlockedUser.swift */; };
		3EBBEDDB2174C2C000F5CDC7 /* Invitee.swift in Sources */ = {isa = PBXBuildFile; fileRef = 3EBBEDDA2174C2C000F5CDC7 /* Invitee.swift */; };
		3EBBEDDD2174C2F000F5CDC7 /* LinkedUser.swift in Sources */ = {isa = PBXBuildFile; fileRef = 3EBBEDDC2174C2F000F5CDC7 /* LinkedUser.swift */; };
		3EBBEDDF2174C30800F5CDC7 /* Participant.swift in Sources */ = {isa = PBXBuildFile; fileRef = 3EBBEDDE2174C30800F5CDC7 /* Participant.swift */; };
		3EBBEDE12174C32700F5CDC7 /* ReplyInfo.swift in Sources */ = {isa = PBXBuildFile; fileRef = 3EBBEDE02174C32700F5CDC7 /* ReplyInfo.swift */; };
		3EBBEDE32174C35200F5CDC7 /* ForwardInfo.swift in Sources */ = {isa = PBXBuildFile; fileRef = 3EBBEDE22174C35200F5CDC7 /* ForwardInfo.swift */; };
		3EBBEDE52174C36700F5CDC7 /* MessageChangeState.swift in Sources */ = {isa = PBXBuildFile; fileRef = 3EBBEDE42174C36700F5CDC7 /* MessageChangeState.swift */; };
		3EBBEDE72174C38000F5CDC7 /* ThreadHistory.swift in Sources */ = {isa = PBXBuildFile; fileRef = 3EBBEDE62174C38000F5CDC7 /* ThreadHistory.swift */; };
		3EBBEDE92174C39B00F5CDC7 /* ThreadParticipants.swift in Sources */ = {isa = PBXBuildFile; fileRef = 3EBBEDE82174C39B00F5CDC7 /* ThreadParticipants.swift */; };
		3EBBEDEB2174C44400F5CDC7 /* UserInfoModel.swift in Sources */ = {isa = PBXBuildFile; fileRef = 3EBBEDEA2174C44400F5CDC7 /* UserInfoModel.swift */; };
		3EBBEDEE2174C5A600F5CDC7 /* GetContactsModel.swift in Sources */ = {isa = PBXBuildFile; fileRef = 3EBBEDED2174C5A600F5CDC7 /* GetContactsModel.swift */; };
		3EBBEDF02174C5C800F5CDC7 /* GetThreadsModel.swift in Sources */ = {isa = PBXBuildFile; fileRef = 3EBBEDEF2174C5C800F5CDC7 /* GetThreadsModel.swift */; };
		3EBBEDF22174C5EC00F5CDC7 /* GetHistoryModel.swift in Sources */ = {isa = PBXBuildFile; fileRef = 3EBBEDF12174C5EC00F5CDC7 /* GetHistoryModel.swift */; };
		3EBBEDF42174C69700F5CDC7 /* GetThreadParticipantsModel.swift in Sources */ = {isa = PBXBuildFile; fileRef = 3EBBEDF32174C69700F5CDC7 /* GetThreadParticipantsModel.swift */; };
		3EBBEDF62174C6AF00F5CDC7 /* CreateThreadModel.swift in Sources */ = {isa = PBXBuildFile; fileRef = 3EBBEDF52174C6AF00F5CDC7 /* CreateThreadModel.swift */; };
		3EBBEDF82174C6CD00F5CDC7 /* ContactModel.swift in Sources */ = {isa = PBXBuildFile; fileRef = 3EBBEDF72174C6CD00F5CDC7 /* ContactModel.swift */; };
		3EBBEDFA2174C6E000F5CDC7 /* RemoveContactModel.swift in Sources */ = {isa = PBXBuildFile; fileRef = 3EBBEDF92174C6E000F5CDC7 /* RemoveContactModel.swift */; };
		3EBBEDFC2174C9FB00F5CDC7 /* ChatProtocols.swift in Sources */ = {isa = PBXBuildFile; fileRef = 3EBBEDFB2174C9FB00F5CDC7 /* ChatProtocols.swift */; };
		3EBBEDFE2174CA8D00F5CDC7 /* AsyncDelegatesImplementation.swift in Sources */ = {isa = PBXBuildFile; fileRef = 3EBBEDFD2174CA8D00F5CDC7 /* AsyncDelegatesImplementation.swift */; };
		3EBBEE012174CBCA00F5CDC7 /* Extentions.swift in Sources */ = {isa = PBXBuildFile; fileRef = 3EBBEE002174CBCA00F5CDC7 /* Extentions.swift */; };
		3ED22F2F2187469F00B6FE4C /* AddParticipantModel.swift in Sources */ = {isa = PBXBuildFile; fileRef = 3ED22F2E2187469F00B6FE4C /* AddParticipantModel.swift */; };
		3EE025F721206E63001810FB /* Chat.framework in Frameworks */ = {isa = PBXBuildFile; fileRef = 3EE025ED21206E63001810FB /* Chat.framework */; };
		3EE025FC21206E63001810FB /* ChatCreateTest.swift in Sources */ = {isa = PBXBuildFile; fileRef = 3EE025FB21206E63001810FB /* ChatCreateTest.swift */; };
		3EE025FE21206E63001810FB /* Chat.h in Headers */ = {isa = PBXBuildFile; fileRef = 3EE025F021206E63001810FB /* Chat.h */; settings = {ATTRIBUTES = (Public, ); }; };
		3EE0261721206EA6001810FB /* Chat.swift in Sources */ = {isa = PBXBuildFile; fileRef = 3EE0261621206EA6001810FB /* Chat.swift */; };
		3EFB24A121561F1800A498E1 /* File.swift in Sources */ = {isa = PBXBuildFile; fileRef = 3EFB24A021561F1800A498E1 /* File.swift */; };
/* End PBXBuildFile section */

/* Begin PBXContainerItemProxy section */
		3E914BBD217DC7DB00D912A2 /* PBXContainerItemProxy */ = {
			isa = PBXContainerItemProxy;
			containerPortal = 3E914BB5217DC7DA00D912A2 /* Async.xcodeproj */;
			proxyType = 2;
			remoteGlobalIDString = 3ED59C0D211098400026FFF5;
			remoteInfo = Async;
		};
		3E914BBF217DC7DB00D912A2 /* PBXContainerItemProxy */ = {
			isa = PBXContainerItemProxy;
			containerPortal = 3E914BB5217DC7DA00D912A2 /* Async.xcodeproj */;
			proxyType = 2;
			remoteGlobalIDString = 3ED59C16211098400026FFF5;
			remoteInfo = AsyncTests;
		};
		3EE025F821206E63001810FB /* PBXContainerItemProxy */ = {
			isa = PBXContainerItemProxy;
			containerPortal = 3EE025E421206E63001810FB /* Project object */;
			proxyType = 1;
			remoteGlobalIDString = 3EE025EC21206E63001810FB;
			remoteInfo = Chat;
		};
/* End PBXContainerItemProxy section */

/* Begin PBXFileReference section */
		3E3D56FC21465BE1000A558F /* Starscream.framework */ = {isa = PBXFileReference; explicitFileType = wrapper.framework; path = Starscream.framework; sourceTree = BUILT_PRODUCTS_DIR; };
		3E3E56782160A2F10084C8C1 /* ReplyMessageTest.swift */ = {isa = PBXFileReference; lastKnownFileType = sourcecode.swift; path = ReplyMessageTest.swift; sourceTree = "<group>"; };
		3E3E56842160A30B0084C8C1 /* EditMessageTest.swift */ = {isa = PBXFileReference; lastKnownFileType = sourcecode.swift; path = EditMessageTest.swift; sourceTree = "<group>"; };
		3E3E56862160A3280084C8C1 /* ForwardMessageTest.swift */ = {isa = PBXFileReference; lastKnownFileType = sourcecode.swift; path = ForwardMessageTest.swift; sourceTree = "<group>"; };
		3E3F14D02147B6570084A550 /* GetUserInfoTest.swift */ = {isa = PBXFileReference; lastKnownFileType = sourcecode.swift; path = GetUserInfoTest.swift; sourceTree = "<group>"; };
		3E3F17782133D0A90029E4D4 /* EnumsAndStructs.swift */ = {isa = PBXFileReference; lastKnownFileType = sourcecode.swift; path = EnumsAndStructs.swift; sourceTree = "<group>"; };
		3E437D55218F35A50021C0ED /* RemoveParticipantModel.swift */ = {isa = PBXFileReference; lastKnownFileType = sourcecode.swift; path = RemoveParticipantModel.swift; sourceTree = "<group>"; };
		3E437D59218F36B80021C0ED /* BlockedUserModel.swift */ = {isa = PBXFileReference; lastKnownFileType = sourcecode.swift; path = BlockedUserModel.swift; sourceTree = "<group>"; };
		3E437D5B218F36DA0021C0ED /* GetBlockedListModel.swift */ = {isa = PBXFileReference; lastKnownFileType = sourcecode.swift; path = GetBlockedListModel.swift; sourceTree = "<group>"; };
		3E437D5D218F389F0021C0ED /* AddParticipantsTest.swift */ = {isa = PBXFileReference; lastKnownFileType = sourcecode.swift; path = AddParticipantsTest.swift; sourceTree = "<group>"; };
		3E437D5F218F3BDB0021C0ED /* RemoveParticipantsTest.swift */ = {isa = PBXFileReference; lastKnownFileType = sourcecode.swift; path = RemoveParticipantsTest.swift; sourceTree = "<group>"; };
		3E437D61218F48490021C0ED /* BlockUserTest.swift */ = {isa = PBXFileReference; lastKnownFileType = sourcecode.swift; path = BlockUserTest.swift; sourceTree = "<group>"; };
		3E437D63218F49B30021C0ED /* UnblockUserTest.swift */ = {isa = PBXFileReference; lastKnownFileType = sourcecode.swift; path = UnblockUserTest.swift; sourceTree = "<group>"; };
		3E437D65218F4BCB0021C0ED /* LeaveThreadTest.swift */ = {isa = PBXFileReference; lastKnownFileType = sourcecode.swift; path = LeaveThreadTest.swift; sourceTree = "<group>"; };
		3E437D67218F4F780021C0ED /* SpamPvThreadTest.swift */ = {isa = PBXFileReference; lastKnownFileType = sourcecode.swift; path = SpamPvThreadTest.swift; sourceTree = "<group>"; };
		3E43D1412132B6170069DF9A /* DataFormatters.swift */ = {isa = PBXFileReference; lastKnownFileType = sourcecode.swift; path = DataFormatters.swift; sourceTree = "<group>"; };
		3E43D1552132BF700069DF9A /* SendMessage.swift */ = {isa = PBXFileReference; lastKnownFileType = sourcecode.swift; path = SendMessage.swift; sourceTree = "<group>"; };
		3E43D1572132BF9C0069DF9A /* ReceiveMessage.swift */ = {isa = PBXFileReference; lastKnownFileType = sourcecode.swift; path = ReceiveMessage.swift; sourceTree = "<group>"; };
		3E4B27E3212300CB001130F6 /* GCDTimer.swift */ = {isa = PBXFileReference; lastKnownFileType = sourcecode.swift; path = GCDTimer.swift; sourceTree = "<group>"; };
		3E63A087213A618F00E4E2C2 /* ObjectTypes.swift */ = {isa = PBXFileReference; lastKnownFileType = sourcecode.swift; path = ObjectTypes.swift; sourceTree = "<group>"; };
		3E695B98217224DA00A77120 /* AddContactTest.swift */ = {isa = PBXFileReference; lastKnownFileType = sourcecode.swift; path = AddContactTest.swift; sourceTree = "<group>"; };
		3E695BA42172266800A77120 /* UpdateContactTest.swift */ = {isa = PBXFileReference; lastKnownFileType = sourcecode.swift; path = UpdateContactTest.swift; sourceTree = "<group>"; };
		3E695BA62172275900A77120 /* RemoveContactTest.swift */ = {isa = PBXFileReference; lastKnownFileType = sourcecode.swift; path = RemoveContactTest.swift; sourceTree = "<group>"; };
		3E695BA8217228F900A77120 /* UploadFileTest.swift */ = {isa = PBXFileReference; lastKnownFileType = sourcecode.swift; path = UploadFileTest.swift; sourceTree = "<group>"; };
		3E695BAA217229EB00A77120 /* UploadImageTest.swift */ = {isa = PBXFileReference; lastKnownFileType = sourcecode.swift; path = UploadImageTest.swift; sourceTree = "<group>"; };
		3E695BAC21722A4400A77120 /* DeleteMessageTest.swift */ = {isa = PBXFileReference; lastKnownFileType = sourcecode.swift; path = DeleteMessageTest.swift; sourceTree = "<group>"; };
		3E6D559A215F777800333354 /* SendMessageTest.swift */ = {isa = PBXFileReference; lastKnownFileType = sourcecode.swift; path = SendMessageTest.swift; sourceTree = "<group>"; };
		3E730D1C214CC53600AAE838 /* GetThreadTest.swift */ = {isa = PBXFileReference; lastKnownFileType = sourcecode.swift; path = GetThreadTest.swift; sourceTree = "<group>"; };
		3E730D28214CC63F00AAE838 /* GetHistoryTest.swift */ = {isa = PBXFileReference; lastKnownFileType = sourcecode.swift; path = GetHistoryTest.swift; sourceTree = "<group>"; };
		3E730D2A214CC6F600AAE838 /* GetThreadParticipantTest.swift */ = {isa = PBXFileReference; lastKnownFileType = sourcecode.swift; path = GetThreadParticipantTest.swift; sourceTree = "<group>"; };
		3E730D2C214CC75400AAE838 /* CreateThreadTest.swift */ = {isa = PBXFileReference; lastKnownFileType = sourcecode.swift; path = CreateThreadTest.swift; sourceTree = "<group>"; };
		3E730D2E214D4D7A00AAE838 /* GetContactsTest.swift */ = {isa = PBXFileReference; lastKnownFileType = sourcecode.swift; path = GetContactsTest.swift; sourceTree = "<group>"; };
		3E78AA94218479BA002A6EC0 /* UploadImageModel.swift */ = {isa = PBXFileReference; lastKnownFileType = sourcecode.swift; path = UploadImageModel.swift; sourceTree = "<group>"; };
		3E78AA98218479CB002A6EC0 /* UploadFileModel.swift */ = {isa = PBXFileReference; lastKnownFileType = sourcecode.swift; path = UploadFileModel.swift; sourceTree = "<group>"; };
		3E78AA9A218479D7002A6EC0 /* UploadImage.swift */ = {isa = PBXFileReference; lastKnownFileType = sourcecode.swift; path = UploadImage.swift; sourceTree = "<group>"; };
		3E78AA9C218479DF002A6EC0 /* UploadFile.swift */ = {isa = PBXFileReference; lastKnownFileType = sourcecode.swift; path = UploadFile.swift; sourceTree = "<group>"; };
		3E78AA9E21847C55002A6EC0 /* UpdateThreadInfoTest.swift */ = {isa = PBXFileReference; lastKnownFileType = sourcecode.swift; path = UpdateThreadInfoTest.swift; sourceTree = "<group>"; };
		3E78AAA921849945002A6EC0 /* SearchContactTest.swift */ = {isa = PBXFileReference; lastKnownFileType = sourcecode.swift; path = SearchContactTest.swift; sourceTree = "<group>"; };
		3E78AAAD21849EB1002A6EC0 /* MuteThreadTest.swift */ = {isa = PBXFileReference; lastKnownFileType = sourcecode.swift; path = MuteThreadTest.swift; sourceTree = "<group>"; };
		3E78AAAF21849F64002A6EC0 /* UnmuteThreadTest.swift */ = {isa = PBXFileReference; lastKnownFileType = sourcecode.swift; path = UnmuteThreadTest.swift; sourceTree = "<group>"; };
		3E78AAB12184A01A002A6EC0 /* SendFileMessageTest.swift */ = {isa = PBXFileReference; lastKnownFileType = sourcecode.swift; path = SendFileMessageTest.swift; sourceTree = "<group>"; };
		3E78AAB62184A25F002A6EC0 /* Assets.xcassets */ = {isa = PBXFileReference; lastKnownFileType = folder.assetcatalog; path = Assets.xcassets; sourceTree = "<group>"; };
		3E78AAB92184A309002A6EC0 /* pic.png */ = {isa = PBXFileReference; lastKnownFileType = image.png; path = pic.png; sourceTree = "<group>"; };
		3E78AAC62184AB6F002A6EC0 /* SyncContactsTest.swift */ = {isa = PBXFileReference; lastKnownFileType = sourcecode.swift; path = SyncContactsTest.swift; sourceTree = "<group>"; };
		3E914BB3217DC73300D912A2 /* Pod-Async-SDK */ = {isa = PBXFileReference; lastKnownFileType = folder; path = "Pod-Async-SDK"; sourceTree = "<group>"; };
		3E914BB5217DC7DA00D912A2 /* Async.xcodeproj */ = {isa = PBXFileReference; lastKnownFileType = "wrapper.pb-project"; name = Async.xcodeproj; path = "Pod-Async-SDK/Async.xcodeproj"; sourceTree = "<group>"; };
		3EBBEDC52174C18F00F5CDC7 /* User.swift */ = {isa = PBXFileReference; lastKnownFileType = sourcecode.swift; path = User.swift; sourceTree = "<group>"; };
		3EBBEDD22174C20200F5CDC7 /* Contact.swift */ = {isa = PBXFileReference; lastKnownFileType = sourcecode.swift; path = Contact.swift; sourceTree = "<group>"; };
		3EBBEDD42174C23B00F5CDC7 /* Conversation.swift */ = {isa = PBXFileReference; lastKnownFileType = sourcecode.swift; path = Conversation.swift; sourceTree = "<group>"; };
		3EBBEDD62174C27B00F5CDC7 /* Message.swift */ = {isa = PBXFileReference; lastKnownFileType = sourcecode.swift; path = Message.swift; sourceTree = "<group>"; };
		3EBBEDD82174C2A200F5CDC7 /* BlockedUser.swift */ = {isa = PBXFileReference; lastKnownFileType = sourcecode.swift; path = BlockedUser.swift; sourceTree = "<group>"; };
		3EBBEDDA2174C2C000F5CDC7 /* Invitee.swift */ = {isa = PBXFileReference; lastKnownFileType = sourcecode.swift; path = Invitee.swift; sourceTree = "<group>"; };
		3EBBEDDC2174C2F000F5CDC7 /* LinkedUser.swift */ = {isa = PBXFileReference; lastKnownFileType = sourcecode.swift; path = LinkedUser.swift; sourceTree = "<group>"; };
		3EBBEDDE2174C30800F5CDC7 /* Participant.swift */ = {isa = PBXFileReference; lastKnownFileType = sourcecode.swift; path = Participant.swift; sourceTree = "<group>"; };
		3EBBEDE02174C32700F5CDC7 /* ReplyInfo.swift */ = {isa = PBXFileReference; lastKnownFileType = sourcecode.swift; path = ReplyInfo.swift; sourceTree = "<group>"; };
		3EBBEDE22174C35200F5CDC7 /* ForwardInfo.swift */ = {isa = PBXFileReference; lastKnownFileType = sourcecode.swift; path = ForwardInfo.swift; sourceTree = "<group>"; };
		3EBBEDE42174C36700F5CDC7 /* MessageChangeState.swift */ = {isa = PBXFileReference; lastKnownFileType = sourcecode.swift; path = MessageChangeState.swift; sourceTree = "<group>"; };
		3EBBEDE62174C38000F5CDC7 /* ThreadHistory.swift */ = {isa = PBXFileReference; lastKnownFileType = sourcecode.swift; path = ThreadHistory.swift; sourceTree = "<group>"; };
		3EBBEDE82174C39B00F5CDC7 /* ThreadParticipants.swift */ = {isa = PBXFileReference; lastKnownFileType = sourcecode.swift; path = ThreadParticipants.swift; sourceTree = "<group>"; };
		3EBBEDEA2174C44400F5CDC7 /* UserInfoModel.swift */ = {isa = PBXFileReference; lastKnownFileType = sourcecode.swift; path = UserInfoModel.swift; sourceTree = "<group>"; };
		3EBBEDED2174C5A600F5CDC7 /* GetContactsModel.swift */ = {isa = PBXFileReference; lastKnownFileType = sourcecode.swift; path = GetContactsModel.swift; sourceTree = "<group>"; };
		3EBBEDEF2174C5C800F5CDC7 /* GetThreadsModel.swift */ = {isa = PBXFileReference; lastKnownFileType = sourcecode.swift; path = GetThreadsModel.swift; sourceTree = "<group>"; };
		3EBBEDF12174C5EC00F5CDC7 /* GetHistoryModel.swift */ = {isa = PBXFileReference; lastKnownFileType = sourcecode.swift; path = GetHistoryModel.swift; sourceTree = "<group>"; };
		3EBBEDF32174C69700F5CDC7 /* GetThreadParticipantsModel.swift */ = {isa = PBXFileReference; lastKnownFileType = sourcecode.swift; path = GetThreadParticipantsModel.swift; sourceTree = "<group>"; };
		3EBBEDF52174C6AF00F5CDC7 /* CreateThreadModel.swift */ = {isa = PBXFileReference; lastKnownFileType = sourcecode.swift; path = CreateThreadModel.swift; sourceTree = "<group>"; };
		3EBBEDF72174C6CD00F5CDC7 /* ContactModel.swift */ = {isa = PBXFileReference; lastKnownFileType = sourcecode.swift; path = ContactModel.swift; sourceTree = "<group>"; };
		3EBBEDF92174C6E000F5CDC7 /* RemoveContactModel.swift */ = {isa = PBXFileReference; lastKnownFileType = sourcecode.swift; path = RemoveContactModel.swift; sourceTree = "<group>"; };
		3EBBEDFB2174C9FB00F5CDC7 /* ChatProtocols.swift */ = {isa = PBXFileReference; lastKnownFileType = sourcecode.swift; path = ChatProtocols.swift; sourceTree = "<group>"; };
		3EBBEDFD2174CA8D00F5CDC7 /* AsyncDelegatesImplementation.swift */ = {isa = PBXFileReference; lastKnownFileType = sourcecode.swift; path = AsyncDelegatesImplementation.swift; sourceTree = "<group>"; };
		3EBBEE002174CBCA00F5CDC7 /* Extentions.swift */ = {isa = PBXFileReference; lastKnownFileType = sourcecode.swift; path = Extentions.swift; sourceTree = "<group>"; };
		3ED22F2E2187469F00B6FE4C /* AddParticipantModel.swift */ = {isa = PBXFileReference; lastKnownFileType = sourcecode.swift; path = AddParticipantModel.swift; sourceTree = "<group>"; };
		3EE025ED21206E63001810FB /* Chat.framework */ = {isa = PBXFileReference; explicitFileType = wrapper.framework; includeInIndex = 0; path = Chat.framework; sourceTree = BUILT_PRODUCTS_DIR; };
		3EE025F021206E63001810FB /* Chat.h */ = {isa = PBXFileReference; lastKnownFileType = sourcecode.c.h; path = Chat.h; sourceTree = "<group>"; };
		3EE025F121206E63001810FB /* Info.plist */ = {isa = PBXFileReference; lastKnownFileType = text.plist.xml; path = Info.plist; sourceTree = "<group>"; };
		3EE025F621206E63001810FB /* ChatTests.xctest */ = {isa = PBXFileReference; explicitFileType = wrapper.cfbundle; includeInIndex = 0; path = ChatTests.xctest; sourceTree = BUILT_PRODUCTS_DIR; };
		3EE025FB21206E63001810FB /* ChatCreateTest.swift */ = {isa = PBXFileReference; lastKnownFileType = sourcecode.swift; path = ChatCreateTest.swift; sourceTree = "<group>"; };
		3EE025FD21206E63001810FB /* Info.plist */ = {isa = PBXFileReference; lastKnownFileType = text.plist.xml; path = Info.plist; sourceTree = "<group>"; };
		3EE0261621206EA6001810FB /* Chat.swift */ = {isa = PBXFileReference; lastKnownFileType = sourcecode.swift; path = Chat.swift; sourceTree = "<group>"; };
		3EFB24A021561F1800A498E1 /* File.swift */ = {isa = PBXFileReference; lastKnownFileType = sourcecode.swift; path = File.swift; sourceTree = "<group>"; };
/* End PBXFileReference section */

/* Begin PBXFrameworksBuildPhase section */
		3EE025E921206E63001810FB /* Frameworks */ = {
			isa = PBXFrameworksBuildPhase;
			buildActionMask = 2147483647;
			files = (
				3E914BC1217DC7ED00D912A2 /* Async.framework in Frameworks */,
				3E3D56FD21465BE1000A558F /* Starscream.framework in Frameworks */,
			);
			runOnlyForDeploymentPostprocessing = 0;
		};
		3EE025F321206E63001810FB /* Frameworks */ = {
			isa = PBXFrameworksBuildPhase;
			buildActionMask = 2147483647;
			files = (
				3EE025F721206E63001810FB /* Chat.framework in Frameworks */,
			);
			runOnlyForDeploymentPostprocessing = 0;
		};
/* End PBXFrameworksBuildPhase section */

/* Begin PBXGroup section */
		3E914BB6217DC7DA00D912A2 /* Products */ = {
			isa = PBXGroup;
			children = (
				3E914BBE217DC7DB00D912A2 /* Async.framework */,
				3E914BC0217DC7DB00D912A2 /* AsyncTests.xctest */,
			);
			name = Products;
			sourceTree = "<group>";
		};
		3EBBEDD12174C19B00F5CDC7 /* Models */ = {
			isa = PBXGroup;
			children = (
				3EBBEDC52174C18F00F5CDC7 /* User.swift */,
				3EBBEDD22174C20200F5CDC7 /* Contact.swift */,
				3EBBEDD42174C23B00F5CDC7 /* Conversation.swift */,
				3EBBEDD62174C27B00F5CDC7 /* Message.swift */,
				3EBBEDD82174C2A200F5CDC7 /* BlockedUser.swift */,
				3EBBEDDA2174C2C000F5CDC7 /* Invitee.swift */,
				3EBBEDDC2174C2F000F5CDC7 /* LinkedUser.swift */,
				3EBBEDDE2174C30800F5CDC7 /* Participant.swift */,
				3EBBEDE02174C32700F5CDC7 /* ReplyInfo.swift */,
				3EBBEDE22174C35200F5CDC7 /* ForwardInfo.swift */,
				3EBBEDE42174C36700F5CDC7 /* MessageChangeState.swift */,
				3EBBEDE62174C38000F5CDC7 /* ThreadHistory.swift */,
				3EBBEDE82174C39B00F5CDC7 /* ThreadParticipants.swift */,
				3E78AA9A218479D7002A6EC0 /* UploadImage.swift */,
				3E78AA9C218479DF002A6EC0 /* UploadFile.swift */,
			);
			path = Models;
			sourceTree = "<group>";
		};
		3EBBEDEC2174C46B00F5CDC7 /* OutputModels */ = {
			isa = PBXGroup;
			children = (
				3EBBEDEA2174C44400F5CDC7 /* UserInfoModel.swift */,
				3E437D59218F36B80021C0ED /* BlockedUserModel.swift */,
				3E437D5B218F36DA0021C0ED /* GetBlockedListModel.swift */,
				3EBBEDED2174C5A600F5CDC7 /* GetContactsModel.swift */,
				3EBBEDEF2174C5C800F5CDC7 /* GetThreadsModel.swift */,
				3EBBEDF12174C5EC00F5CDC7 /* GetHistoryModel.swift */,
				3EBBEDF32174C69700F5CDC7 /* GetThreadParticipantsModel.swift */,
				3EBBEDF52174C6AF00F5CDC7 /* CreateThreadModel.swift */,
				3EBBEDF72174C6CD00F5CDC7 /* ContactModel.swift */,
				3EBBEDF92174C6E000F5CDC7 /* RemoveContactModel.swift */,
				3E78AA94218479BA002A6EC0 /* UploadImageModel.swift */,
				3E78AA98218479CB002A6EC0 /* UploadFileModel.swift */,
				3ED22F2E2187469F00B6FE4C /* AddParticipantModel.swift */,
				3E437D55218F35A50021C0ED /* RemoveParticipantModel.swift */,
			);
			path = OutputModels;
			sourceTree = "<group>";
		};
		3EBBEDFF2174CB9800F5CDC7 /* Helpers */ = {
			isa = PBXGroup;
			children = (
				3E3F17782133D0A90029E4D4 /* EnumsAndStructs.swift */,
				3EBBEE002174CBCA00F5CDC7 /* Extentions.swift */,
				3E4B27E3212300CB001130F6 /* GCDTimer.swift */,
			);
			path = Helpers;
			sourceTree = "<group>";
		};
		3EBBEE022174CCCA00F5CDC7 /* Others */ = {
			isa = PBXGroup;
			children = (
				3EFB24A021561F1800A498E1 /* File.swift */,
				3E63A087213A618F00E4E2C2 /* ObjectTypes.swift */,
				3E43D1552132BF700069DF9A /* SendMessage.swift */,
				3E43D1412132B6170069DF9A /* DataFormatters.swift */,
				3E43D1572132BF9C0069DF9A /* ReceiveMessage.swift */,
			);
			path = Others;
			sourceTree = "<group>";
		};
		3EE025E321206E63001810FB = {
			isa = PBXGroup;
			children = (
				3EE025EF21206E63001810FB /* Chat */,
				3EE025FA21206E63001810FB /* ChatTests */,
				3EE025EE21206E63001810FB /* Products */,
				3E914BB5217DC7DA00D912A2 /* Async.xcodeproj */,
				3E914BB3217DC73300D912A2 /* Pod-Async-SDK */,
				3EE0261421206E9E001810FB /* Frameworks */,
			);
			sourceTree = "<group>";
		};
		3EE025EE21206E63001810FB /* Products */ = {
			isa = PBXGroup;
			children = (
				3EE025ED21206E63001810FB /* Chat.framework */,
				3EE025F621206E63001810FB /* ChatTests.xctest */,
			);
			name = Products;
			sourceTree = "<group>";
		};
		3EE025EF21206E63001810FB /* Chat */ = {
			isa = PBXGroup;
			children = (
				3EE025F021206E63001810FB /* Chat.h */,
				3E78AAB92184A309002A6EC0 /* pic.png */,
				3EE0261621206EA6001810FB /* Chat.swift */,
				3EBBEDFB2174C9FB00F5CDC7 /* ChatProtocols.swift */,
				3E78AAB62184A25F002A6EC0 /* Assets.xcassets */,
				3EBBEDFD2174CA8D00F5CDC7 /* AsyncDelegatesImplementation.swift */,
				3EBBEDD12174C19B00F5CDC7 /* Models */,
				3EBBEDEC2174C46B00F5CDC7 /* OutputModels */,
				3EBBEDFF2174CB9800F5CDC7 /* Helpers */,
				3EE025F121206E63001810FB /* Info.plist */,
				3EBBEE022174CCCA00F5CDC7 /* Others */,
			);
			path = Chat;
			sourceTree = "<group>";
		};
		3EE025FA21206E63001810FB /* ChatTests */ = {
			isa = PBXGroup;
			children = (
				3EE025FB21206E63001810FB /* ChatCreateTest.swift */,
				3E3F14D02147B6570084A550 /* GetUserInfoTest.swift */,
				3E730D1C214CC53600AAE838 /* GetThreadTest.swift */,
				3E730D28214CC63F00AAE838 /* GetHistoryTest.swift */,
				3E730D2A214CC6F600AAE838 /* GetThreadParticipantTest.swift */,
				3E730D2C214CC75400AAE838 /* CreateThreadTest.swift */,
				3E730D2E214D4D7A00AAE838 /* GetContactsTest.swift */,
				3E6D559A215F777800333354 /* SendMessageTest.swift */,
				3E3E56782160A2F10084C8C1 /* ReplyMessageTest.swift */,
				3E3E56842160A30B0084C8C1 /* EditMessageTest.swift */,
				3E3E56862160A3280084C8C1 /* ForwardMessageTest.swift */,
				3E695B98217224DA00A77120 /* AddContactTest.swift */,
				3E695BA42172266800A77120 /* UpdateContactTest.swift */,
				3E695BA62172275900A77120 /* RemoveContactTest.swift */,
				3E695BA8217228F900A77120 /* UploadFileTest.swift */,
				3E695BAA217229EB00A77120 /* UploadImageTest.swift */,
				3E695BAC21722A4400A77120 /* DeleteMessageTest.swift */,
				3E78AA9E21847C55002A6EC0 /* UpdateThreadInfoTest.swift */,
				3E78AAA921849945002A6EC0 /* SearchContactTest.swift */,
				3E78AAAD21849EB1002A6EC0 /* MuteThreadTest.swift */,
				3E78AAAF21849F64002A6EC0 /* UnmuteThreadTest.swift */,
				3E78AAB12184A01A002A6EC0 /* SendFileMessageTest.swift */,
				3E78AAC62184AB6F002A6EC0 /* SyncContactsTest.swift */,
				3EE025FD21206E63001810FB /* Info.plist */,
				3E437D5D218F389F0021C0ED /* AddParticipantsTest.swift */,
				3E437D5F218F3BDB0021C0ED /* RemoveParticipantsTest.swift */,
				3E437D61218F48490021C0ED /* BlockUserTest.swift */,
				3E437D63218F49B30021C0ED /* UnblockUserTest.swift */,
				3E437D65218F4BCB0021C0ED /* LeaveThreadTest.swift */,
				3E437D67218F4F780021C0ED /* SpamPvThreadTest.swift */,
			);
			path = ChatTests;
			sourceTree = "<group>";
		};
		3EE0261421206E9E001810FB /* Frameworks */ = {
			isa = PBXGroup;
			children = (
				3E3D56FC21465BE1000A558F /* Starscream.framework */,
			);
			name = Frameworks;
			sourceTree = "<group>";
		};
/* End PBXGroup section */

/* Begin PBXHeadersBuildPhase section */
		3EE025EA21206E63001810FB /* Headers */ = {
			isa = PBXHeadersBuildPhase;
			buildActionMask = 2147483647;
			files = (
				3EE025FE21206E63001810FB /* Chat.h in Headers */,
			);
			runOnlyForDeploymentPostprocessing = 0;
		};
/* End PBXHeadersBuildPhase section */

/* Begin PBXNativeTarget section */
		3EE025EC21206E63001810FB /* Chat */ = {
			isa = PBXNativeTarget;
			buildConfigurationList = 3EE0260121206E63001810FB /* Build configuration list for PBXNativeTarget "Chat" */;
			buildPhases = (
				3EE025E821206E63001810FB /* Sources */,
				3EE025E921206E63001810FB /* Frameworks */,
				3EE025EA21206E63001810FB /* Headers */,
				3EE025EB21206E63001810FB /* Resources */,
			);
			buildRules = (
			);
			dependencies = (
			);
			name = Chat;
			productName = Chat;
			productReference = 3EE025ED21206E63001810FB /* Chat.framework */;
			productType = "com.apple.product-type.framework";
		};
		3EE025F521206E63001810FB /* ChatTests */ = {
			isa = PBXNativeTarget;
			buildConfigurationList = 3EE0260421206E63001810FB /* Build configuration list for PBXNativeTarget "ChatTests" */;
			buildPhases = (
				3EE025F221206E63001810FB /* Sources */,
				3EE025F321206E63001810FB /* Frameworks */,
				3EE025F421206E63001810FB /* Resources */,
			);
			buildRules = (
			);
			dependencies = (
				3EE025F921206E63001810FB /* PBXTargetDependency */,
			);
			name = ChatTests;
			productName = ChatTests;
			productReference = 3EE025F621206E63001810FB /* ChatTests.xctest */;
			productType = "com.apple.product-type.bundle.unit-test";
		};
/* End PBXNativeTarget section */

/* Begin PBXProject section */
		3EE025E421206E63001810FB /* Project object */ = {
			isa = PBXProject;
			attributes = {
				LastSwiftUpdateCheck = 0940;
				LastUpgradeCheck = 0940;
				ORGANIZATIONNAME = "Mahyar Zhiani";
				TargetAttributes = {
					3EE025EC21206E63001810FB = {
						CreatedOnToolsVersion = 9.4.1;
						LastSwiftMigration = 0940;
					};
					3EE025F521206E63001810FB = {
						CreatedOnToolsVersion = 9.4.1;
					};
				};
			};
			buildConfigurationList = 3EE025E721206E63001810FB /* Build configuration list for PBXProject "Chat" */;
			compatibilityVersion = "Xcode 9.3";
			developmentRegion = en;
			hasScannedForEncodings = 0;
			knownRegions = (
				en,
			);
			mainGroup = 3EE025E321206E63001810FB;
			productRefGroup = 3EE025EE21206E63001810FB /* Products */;
			projectDirPath = "";
			projectReferences = (
				{
					ProductGroup = 3E914BB6217DC7DA00D912A2 /* Products */;
					ProjectRef = 3E914BB5217DC7DA00D912A2 /* Async.xcodeproj */;
				},
			);
			projectRoot = "";
			targets = (
				3EE025EC21206E63001810FB /* Chat */,
				3EE025F521206E63001810FB /* ChatTests */,
			);
		};
/* End PBXProject section */

/* Begin PBXReferenceProxy section */
		3E914BBE217DC7DB00D912A2 /* Async.framework */ = {
			isa = PBXReferenceProxy;
			fileType = wrapper.framework;
			path = Async.framework;
			remoteRef = 3E914BBD217DC7DB00D912A2 /* PBXContainerItemProxy */;
			sourceTree = BUILT_PRODUCTS_DIR;
		};
		3E914BC0217DC7DB00D912A2 /* AsyncTests.xctest */ = {
			isa = PBXReferenceProxy;
			fileType = wrapper.cfbundle;
			path = AsyncTests.xctest;
			remoteRef = 3E914BBF217DC7DB00D912A2 /* PBXContainerItemProxy */;
			sourceTree = BUILT_PRODUCTS_DIR;
		};
/* End PBXReferenceProxy section */

/* Begin PBXResourcesBuildPhase section */
		3EE025EB21206E63001810FB /* Resources */ = {
			isa = PBXResourcesBuildPhase;
			buildActionMask = 2147483647;
			files = (
				3E78AABA2184A30A002A6EC0 /* pic.png in Resources */,
				3E78AAB72184A25F002A6EC0 /* Assets.xcassets in Resources */,
				3E914BB4217DC73300D912A2 /* Pod-Async-SDK in Resources */,
			);
			runOnlyForDeploymentPostprocessing = 0;
		};
		3EE025F421206E63001810FB /* Resources */ = {
			isa = PBXResourcesBuildPhase;
			buildActionMask = 2147483647;
			files = (
				3E78AABB2184A30A002A6EC0 /* pic.png in Resources */,
				3E78AAB82184A25F002A6EC0 /* Assets.xcassets in Resources */,
			);
			runOnlyForDeploymentPostprocessing = 0;
		};
/* End PBXResourcesBuildPhase section */

/* Begin PBXSourcesBuildPhase section */
		3EE025E821206E63001810FB /* Sources */ = {
			isa = PBXSourcesBuildPhase;
			buildActionMask = 2147483647;
			files = (
				3EBBEDEB2174C44400F5CDC7 /* UserInfoModel.swift in Sources */,
				3EBBEDFC2174C9FB00F5CDC7 /* ChatProtocols.swift in Sources */,
				3EBBEDF62174C6AF00F5CDC7 /* CreateThreadModel.swift in Sources */,
				3EBBEDDF2174C30800F5CDC7 /* Participant.swift in Sources */,
				3ED22F2F2187469F00B6FE4C /* AddParticipantModel.swift in Sources */,
				3EBBEDEE2174C5A600F5CDC7 /* GetContactsModel.swift in Sources */,
				3EBBEDE32174C35200F5CDC7 /* ForwardInfo.swift in Sources */,
				3EBBEDD52174C23B00F5CDC7 /* Conversation.swift in Sources */,
				3E78AA9B218479D7002A6EC0 /* UploadImage.swift in Sources */,
				3E437D5A218F36B80021C0ED /* BlockedUserModel.swift in Sources */,
				3EBBEDE92174C39B00F5CDC7 /* ThreadParticipants.swift in Sources */,
				3EBBEDDD2174C2F000F5CDC7 /* LinkedUser.swift in Sources */,
				3E43D1422132B6170069DF9A /* DataFormatters.swift in Sources */,
				3EBBEDF22174C5EC00F5CDC7 /* GetHistoryModel.swift in Sources */,
				3E78AA9D218479DF002A6EC0 /* UploadFile.swift in Sources */,
				3E3F17792133D0A90029E4D4 /* EnumsAndStructs.swift in Sources */,
				3EBBEDF42174C69700F5CDC7 /* GetThreadParticipantsModel.swift in Sources */,
				3EBBEDD92174C2A200F5CDC7 /* BlockedUser.swift in Sources */,
				3E63A088213A618F00E4E2C2 /* ObjectTypes.swift in Sources */,
				3E43D1562132BF700069DF9A /* SendMessage.swift in Sources */,
				3E78AA95218479BA002A6EC0 /* UploadImageModel.swift in Sources */,
				3E43D1582132BF9C0069DF9A /* ReceiveMessage.swift in Sources */,
				3E437D56218F35A50021C0ED /* RemoveParticipantModel.swift in Sources */,
				3E4B27E4212300CB001130F6 /* GCDTimer.swift in Sources */,
				3EBBEDDB2174C2C000F5CDC7 /* Invitee.swift in Sources */,
				3E78AA99218479CB002A6EC0 /* UploadFileModel.swift in Sources */,
				3EBBEDF82174C6CD00F5CDC7 /* ContactModel.swift in Sources */,
				3EBBEDD32174C20200F5CDC7 /* Contact.swift in Sources */,
				3EE0261721206EA6001810FB /* Chat.swift in Sources */,
				3E437D5C218F36DA0021C0ED /* GetBlockedListModel.swift in Sources */,
				3EBBEDD72174C27B00F5CDC7 /* Message.swift in Sources */,
				3EBBEDE72174C38000F5CDC7 /* ThreadHistory.swift in Sources */,
				3EBBEDE52174C36700F5CDC7 /* MessageChangeState.swift in Sources */,
				3EBBEDFE2174CA8D00F5CDC7 /* AsyncDelegatesImplementation.swift in Sources */,
				3EBBEDFA2174C6E000F5CDC7 /* RemoveContactModel.swift in Sources */,
				3EBBEDF02174C5C800F5CDC7 /* GetThreadsModel.swift in Sources */,
				3EBBEE012174CBCA00F5CDC7 /* Extentions.swift in Sources */,
				3EFB24A121561F1800A498E1 /* File.swift in Sources */,
				3EBBEDC62174C18F00F5CDC7 /* User.swift in Sources */,
				3EBBEDE12174C32700F5CDC7 /* ReplyInfo.swift in Sources */,
			);
			runOnlyForDeploymentPostprocessing = 0;
		};
		3EE025F221206E63001810FB /* Sources */ = {
			isa = PBXSourcesBuildPhase;
			buildActionMask = 2147483647;
			files = (
				3E695B99217224DA00A77120 /* AddContactTest.swift in Sources */,
				3E695BA72172275900A77120 /* RemoveContactTest.swift in Sources */,
				3E437D62218F48490021C0ED /* BlockUserTest.swift in Sources */,
				3E3E56792160A2F20084C8C1 /* ReplyMessageTest.swift in Sources */,
				3E437D60218F3BDB0021C0ED /* RemoveParticipantsTest.swift in Sources */,
				3E78AAB22184A01A002A6EC0 /* SendFileMessageTest.swift in Sources */,
				3E730D2B214CC6F600AAE838 /* GetThreadParticipantTest.swift in Sources */,
				3E437D64218F49B30021C0ED /* UnblockUserTest.swift in Sources */,
				3E730D1D214CC53600AAE838 /* GetThreadTest.swift in Sources */,
				3E437D68218F4F780021C0ED /* SpamPvThreadTest.swift in Sources */,
				3E730D29214CC63F00AAE838 /* GetHistoryTest.swift in Sources */,
				3E78AAAE21849EB1002A6EC0 /* MuteThreadTest.swift in Sources */,
				3E695BA9217228F900A77120 /* UploadFileTest.swift in Sources */,
				3E78AAC72184AB6F002A6EC0 /* SyncContactsTest.swift in Sources */,
				3E437D66218F4BCB0021C0ED /* LeaveThreadTest.swift in Sources */,
				3E78AAAA21849945002A6EC0 /* SearchContactTest.swift in Sources */,
				3EE025FC21206E63001810FB /* ChatCreateTest.swift in Sources */,
				3E78AAB021849F64002A6EC0 /* UnmuteThreadTest.swift in Sources */,
				3E695BAB217229EB00A77120 /* UploadImageTest.swift in Sources */,
				3E730D2F214D4D7A00AAE838 /* GetContactsTest.swift in Sources */,
				3E437D5E218F389F0021C0ED /* AddParticipantsTest.swift in Sources */,
				3E3F14D12147B6570084A550 /* GetUserInfoTest.swift in Sources */,
				3E730D2D214CC75400AAE838 /* CreateThreadTest.swift in Sources */,
				3E78AA9F21847C55002A6EC0 /* UpdateThreadInfoTest.swift in Sources */,
				3E695BAD21722A4400A77120 /* DeleteMessageTest.swift in Sources */,
				3E3E56872160A3280084C8C1 /* ForwardMessageTest.swift in Sources */,
				3E6D559B215F777800333354 /* SendMessageTest.swift in Sources */,
				3E3E56852160A30B0084C8C1 /* EditMessageTest.swift in Sources */,
				3E695BA52172266800A77120 /* UpdateContactTest.swift in Sources */,
			);
			runOnlyForDeploymentPostprocessing = 0;
		};
/* End PBXSourcesBuildPhase section */

/* Begin PBXTargetDependency section */
		3EE025F921206E63001810FB /* PBXTargetDependency */ = {
			isa = PBXTargetDependency;
			target = 3EE025EC21206E63001810FB /* Chat */;
			targetProxy = 3EE025F821206E63001810FB /* PBXContainerItemProxy */;
		};
/* End PBXTargetDependency section */

/* Begin XCBuildConfiguration section */
		3EE025FF21206E63001810FB /* Debug */ = {
			isa = XCBuildConfiguration;
			buildSettings = {
				ALWAYS_SEARCH_USER_PATHS = NO;
				CLANG_ANALYZER_NONNULL = YES;
				CLANG_ANALYZER_NUMBER_OBJECT_CONVERSION = YES_AGGRESSIVE;
				CLANG_CXX_LANGUAGE_STANDARD = "gnu++14";
				CLANG_CXX_LIBRARY = "libc++";
				CLANG_ENABLE_MODULES = YES;
				CLANG_ENABLE_OBJC_ARC = YES;
				CLANG_ENABLE_OBJC_WEAK = YES;
				CLANG_WARN_BLOCK_CAPTURE_AUTORELEASING = YES;
				CLANG_WARN_BOOL_CONVERSION = YES;
				CLANG_WARN_COMMA = YES;
				CLANG_WARN_CONSTANT_CONVERSION = YES;
				CLANG_WARN_DEPRECATED_OBJC_IMPLEMENTATIONS = YES;
				CLANG_WARN_DIRECT_OBJC_ISA_USAGE = YES_ERROR;
				CLANG_WARN_DOCUMENTATION_COMMENTS = YES;
				CLANG_WARN_EMPTY_BODY = YES;
				CLANG_WARN_ENUM_CONVERSION = YES;
				CLANG_WARN_INFINITE_RECURSION = YES;
				CLANG_WARN_INT_CONVERSION = YES;
				CLANG_WARN_NON_LITERAL_NULL_CONVERSION = YES;
				CLANG_WARN_OBJC_IMPLICIT_RETAIN_SELF = YES;
				CLANG_WARN_OBJC_LITERAL_CONVERSION = YES;
				CLANG_WARN_OBJC_ROOT_CLASS = YES_ERROR;
				CLANG_WARN_RANGE_LOOP_ANALYSIS = YES;
				CLANG_WARN_STRICT_PROTOTYPES = YES;
				CLANG_WARN_SUSPICIOUS_MOVE = YES;
				CLANG_WARN_UNGUARDED_AVAILABILITY = YES_AGGRESSIVE;
				CLANG_WARN_UNREACHABLE_CODE = YES;
				CLANG_WARN__DUPLICATE_METHOD_MATCH = YES;
				CODE_SIGN_IDENTITY = "iPhone Developer";
				COPY_PHASE_STRIP = NO;
				CURRENT_PROJECT_VERSION = 1;
				DEBUG_INFORMATION_FORMAT = dwarf;
				ENABLE_STRICT_OBJC_MSGSEND = YES;
				ENABLE_TESTABILITY = YES;
				GCC_C_LANGUAGE_STANDARD = gnu11;
				GCC_DYNAMIC_NO_PIC = NO;
				GCC_NO_COMMON_BLOCKS = YES;
				GCC_OPTIMIZATION_LEVEL = 0;
				GCC_PREPROCESSOR_DEFINITIONS = (
					"DEBUG=1",
					"$(inherited)",
				);
				GCC_WARN_64_TO_32_BIT_CONVERSION = YES;
				GCC_WARN_ABOUT_RETURN_TYPE = YES_ERROR;
				GCC_WARN_UNDECLARED_SELECTOR = YES;
				GCC_WARN_UNINITIALIZED_AUTOS = YES_AGGRESSIVE;
				GCC_WARN_UNUSED_FUNCTION = YES;
				GCC_WARN_UNUSED_VARIABLE = YES;
				IPHONEOS_DEPLOYMENT_TARGET = 11.4;
				MTL_ENABLE_DEBUG_INFO = YES;
				ONLY_ACTIVE_ARCH = YES;
				SDKROOT = iphoneos;
				SWIFT_ACTIVE_COMPILATION_CONDITIONS = DEBUG;
				SWIFT_OPTIMIZATION_LEVEL = "-Onone";
				VERSIONING_SYSTEM = "apple-generic";
				VERSION_INFO_PREFIX = "";
			};
			name = Debug;
		};
		3EE0260021206E63001810FB /* Release */ = {
			isa = XCBuildConfiguration;
			buildSettings = {
				ALWAYS_SEARCH_USER_PATHS = NO;
				CLANG_ANALYZER_NONNULL = YES;
				CLANG_ANALYZER_NUMBER_OBJECT_CONVERSION = YES_AGGRESSIVE;
				CLANG_CXX_LANGUAGE_STANDARD = "gnu++14";
				CLANG_CXX_LIBRARY = "libc++";
				CLANG_ENABLE_MODULES = YES;
				CLANG_ENABLE_OBJC_ARC = YES;
				CLANG_ENABLE_OBJC_WEAK = YES;
				CLANG_WARN_BLOCK_CAPTURE_AUTORELEASING = YES;
				CLANG_WARN_BOOL_CONVERSION = YES;
				CLANG_WARN_COMMA = YES;
				CLANG_WARN_CONSTANT_CONVERSION = YES;
				CLANG_WARN_DEPRECATED_OBJC_IMPLEMENTATIONS = YES;
				CLANG_WARN_DIRECT_OBJC_ISA_USAGE = YES_ERROR;
				CLANG_WARN_DOCUMENTATION_COMMENTS = YES;
				CLANG_WARN_EMPTY_BODY = YES;
				CLANG_WARN_ENUM_CONVERSION = YES;
				CLANG_WARN_INFINITE_RECURSION = YES;
				CLANG_WARN_INT_CONVERSION = YES;
				CLANG_WARN_NON_LITERAL_NULL_CONVERSION = YES;
				CLANG_WARN_OBJC_IMPLICIT_RETAIN_SELF = YES;
				CLANG_WARN_OBJC_LITERAL_CONVERSION = YES;
				CLANG_WARN_OBJC_ROOT_CLASS = YES_ERROR;
				CLANG_WARN_RANGE_LOOP_ANALYSIS = YES;
				CLANG_WARN_STRICT_PROTOTYPES = YES;
				CLANG_WARN_SUSPICIOUS_MOVE = YES;
				CLANG_WARN_UNGUARDED_AVAILABILITY = YES_AGGRESSIVE;
				CLANG_WARN_UNREACHABLE_CODE = YES;
				CLANG_WARN__DUPLICATE_METHOD_MATCH = YES;
				CODE_SIGN_IDENTITY = "iPhone Developer";
				COPY_PHASE_STRIP = NO;
				CURRENT_PROJECT_VERSION = 1;
				DEBUG_INFORMATION_FORMAT = "dwarf-with-dsym";
				ENABLE_NS_ASSERTIONS = NO;
				ENABLE_STRICT_OBJC_MSGSEND = YES;
				GCC_C_LANGUAGE_STANDARD = gnu11;
				GCC_NO_COMMON_BLOCKS = YES;
				GCC_WARN_64_TO_32_BIT_CONVERSION = YES;
				GCC_WARN_ABOUT_RETURN_TYPE = YES_ERROR;
				GCC_WARN_UNDECLARED_SELECTOR = YES;
				GCC_WARN_UNINITIALIZED_AUTOS = YES_AGGRESSIVE;
				GCC_WARN_UNUSED_FUNCTION = YES;
				GCC_WARN_UNUSED_VARIABLE = YES;
				IPHONEOS_DEPLOYMENT_TARGET = 11.4;
				MTL_ENABLE_DEBUG_INFO = NO;
				SDKROOT = iphoneos;
				SWIFT_COMPILATION_MODE = wholemodule;
				SWIFT_OPTIMIZATION_LEVEL = "-O";
				VALIDATE_PRODUCT = YES;
				VERSIONING_SYSTEM = "apple-generic";
				VERSION_INFO_PREFIX = "";
			};
			name = Release;
		};
		3EE0260221206E63001810FB /* Debug */ = {
			isa = XCBuildConfiguration;
			buildSettings = {
				CLANG_ENABLE_MODULES = YES;
				CODE_SIGN_IDENTITY = "";
				CODE_SIGN_STYLE = Automatic;
				DEFINES_MODULE = YES;
				DEVELOPMENT_TEAM = GP3XLTT75N;
				DYLIB_COMPATIBILITY_VERSION = 1;
				DYLIB_CURRENT_VERSION = 1;
				DYLIB_INSTALL_NAME_BASE = "@rpath";
				INFOPLIST_FILE = Chat/Info.plist;
				INSTALL_PATH = "$(LOCAL_LIBRARY_DIR)/Frameworks";
				LD_RUNPATH_SEARCH_PATHS = (
					"$(inherited)",
					"@executable_path/Frameworks",
					"@loader_path/Frameworks",
				);
				PRODUCT_BUNDLE_IDENTIFIER = com.fanapSoft.Chat;
				PRODUCT_NAME = "$(TARGET_NAME:c99extidentifier)";
				SKIP_INSTALL = YES;
				SWIFT_OPTIMIZATION_LEVEL = "-Onone";
				SWIFT_VERSION = 4.0;
				TARGETED_DEVICE_FAMILY = "1,2";
			};
			name = Debug;
		};
		3EE0260321206E63001810FB /* Release */ = {
			isa = XCBuildConfiguration;
			buildSettings = {
				CLANG_ENABLE_MODULES = YES;
				CODE_SIGN_IDENTITY = "";
				CODE_SIGN_STYLE = Automatic;
				DEFINES_MODULE = YES;
				DEVELOPMENT_TEAM = GP3XLTT75N;
				DYLIB_COMPATIBILITY_VERSION = 1;
				DYLIB_CURRENT_VERSION = 1;
				DYLIB_INSTALL_NAME_BASE = "@rpath";
				INFOPLIST_FILE = Chat/Info.plist;
				INSTALL_PATH = "$(LOCAL_LIBRARY_DIR)/Frameworks";
				LD_RUNPATH_SEARCH_PATHS = (
					"$(inherited)",
					"@executable_path/Frameworks",
					"@loader_path/Frameworks",
				);
				PRODUCT_BUNDLE_IDENTIFIER = com.fanapSoft.Chat;
				PRODUCT_NAME = "$(TARGET_NAME:c99extidentifier)";
				SKIP_INSTALL = YES;
				SWIFT_VERSION = 4.0;
				TARGETED_DEVICE_FAMILY = "1,2";
			};
			name = Release;
		};
		3EE0260521206E63001810FB /* Debug */ = {
			isa = XCBuildConfiguration;
			buildSettings = {
				ALWAYS_EMBED_SWIFT_STANDARD_LIBRARIES = YES;
				CODE_SIGN_STYLE = Automatic;
				DEVELOPMENT_TEAM = GP3XLTT75N;
				INFOPLIST_FILE = ChatTests/Info.plist;
				LD_RUNPATH_SEARCH_PATHS = (
					"$(inherited)",
					"@executable_path/Frameworks",
					"@loader_path/Frameworks",
				);
				PRODUCT_BUNDLE_IDENTIFIER = com.fanapSoft.ChatTests;
				PRODUCT_NAME = "$(TARGET_NAME)";
				SWIFT_VERSION = 4.0;
				TARGETED_DEVICE_FAMILY = "1,2";
			};
			name = Debug;
		};
		3EE0260621206E63001810FB /* Release */ = {
			isa = XCBuildConfiguration;
			buildSettings = {
				ALWAYS_EMBED_SWIFT_STANDARD_LIBRARIES = YES;
				CODE_SIGN_STYLE = Automatic;
				DEVELOPMENT_TEAM = GP3XLTT75N;
				INFOPLIST_FILE = ChatTests/Info.plist;
				LD_RUNPATH_SEARCH_PATHS = (
					"$(inherited)",
					"@executable_path/Frameworks",
					"@loader_path/Frameworks",
				);
				PRODUCT_BUNDLE_IDENTIFIER = com.fanapSoft.ChatTests;
				PRODUCT_NAME = "$(TARGET_NAME)";
				SWIFT_VERSION = 4.0;
				TARGETED_DEVICE_FAMILY = "1,2";
			};
			name = Release;
		};
/* End XCBuildConfiguration section */

/* Begin XCConfigurationList section */
		3EE025E721206E63001810FB /* Build configuration list for PBXProject "Chat" */ = {
			isa = XCConfigurationList;
			buildConfigurations = (
				3EE025FF21206E63001810FB /* Debug */,
				3EE0260021206E63001810FB /* Release */,
			);
			defaultConfigurationIsVisible = 0;
			defaultConfigurationName = Release;
		};
		3EE0260121206E63001810FB /* Build configuration list for PBXNativeTarget "Chat" */ = {
			isa = XCConfigurationList;
			buildConfigurations = (
				3EE0260221206E63001810FB /* Debug */,
				3EE0260321206E63001810FB /* Release */,
			);
			defaultConfigurationIsVisible = 0;
			defaultConfigurationName = Release;
		};
		3EE0260421206E63001810FB /* Build configuration list for PBXNativeTarget "ChatTests" */ = {
			isa = XCConfigurationList;
			buildConfigurations = (
				3EE0260521206E63001810FB /* Debug */,
				3EE0260621206E63001810FB /* Release */,
			);
			defaultConfigurationIsVisible = 0;
			defaultConfigurationName = Release;
		};
/* End XCConfigurationList section */
	};
	rootObject = 3EE025E421206E63001810FB /* Project object */;
}
